
Microsoft Visual Studio Solution File, Format Version 12.00
# Visual Studio 16
VisualStudioVersion = 16.0.0.0
MinimumVisualStudioVersion = 16.0.0.0
Project("{FAE04EC0-301F-11D3-BF4B-00C04F79EFBC}") = "Pathfinder_Shadows_in_the_White_City.Windows", "Pathfinder_Shadows_in_the_White_City.Windows\Pathfinder_Shadows_in_the_White_City.Windows.csproj", "{2260C569-644E-44AE-81F0-E77D7688B7FB}"
EndProject
Project("{FAE04EC0-301F-11D3-BF4B-00C04F79EFBC}") = "Pathfinder_Shadows_in_the_White_City", "Pathfinder_Shadows_in_the_White_City\Pathfinder_Shadows_in_the_White_City.csproj", "{DF4E8809-DD73-47A1-9FE8-4D7CAB7F0B68}"
EndProject
Global
EndGlobal
